// !$*UTF8*$!
{
	archiveVersion = 1;
	classes = {
	};
	objectVersion = 50;
	objects = {

/* Begin PBXBuildFile section */
		2E006E44D3BF498BBA3E02AD /* Pods_uitrealm.framework in Frameworks */ = {isa = PBXBuildFile; fileRef = 158056DD1494EEFB87BC3076 /* Pods_uitrealm.framework */; };
		5B327DCC2511231100E6D5DC /* AppDelegate.swift in Sources */ = {isa = PBXBuildFile; fileRef = 5B327DCB2511231100E6D5DC /* AppDelegate.swift */; };
		5B327DCE2511231100E6D5DC /* SceneDelegate.swift in Sources */ = {isa = PBXBuildFile; fileRef = 5B327DCD2511231100E6D5DC /* SceneDelegate.swift */; };
		5B327DD02511231100E6D5DC /* ViewController.swift in Sources */ = {isa = PBXBuildFile; fileRef = 5B327DCF2511231100E6D5DC /* ViewController.swift */; };
		5B327DD32511231100E6D5DC /* Main.storyboard in Resources */ = {isa = PBXBuildFile; fileRef = 5B327DD12511231100E6D5DC /* Main.storyboard */; };
		5B327DD52511231400E6D5DC /* Assets.xcassets in Resources */ = {isa = PBXBuildFile; fileRef = 5B327DD42511231400E6D5DC /* Assets.xcassets */; };
		5B327DD82511231400E6D5DC /* LaunchScreen.storyboard in Resources */ = {isa = PBXBuildFile; fileRef = 5B327DD62511231400E6D5DC /* LaunchScreen.storyboard */; };
/* End PBXBuildFile section */

/* Begin PBXFileReference section */
		016FE2C1417128376124D95D /* Pods-uitrealm.release.xcconfig */ = {isa = PBXFileReference; includeInIndex = 1; lastKnownFileType = text.xcconfig; name = "Pods-uitrealm.release.xcconfig"; path = "Target Support Files/Pods-uitrealm/Pods-uitrealm.release.xcconfig"; sourceTree = "<group>"; };
		158056DD1494EEFB87BC3076 /* Pods_uitrealm.framework */ = {isa = PBXFileReference; explicitFileType = wrapper.framework; includeInIndex = 0; path = Pods_uitrealm.framework; sourceTree = BUILT_PRODUCTS_DIR; };
		5B327DC82511231100E6D5DC /* uitrealm.app */ = {isa = PBXFileReference; explicitFileType = wrapper.application; includeInIndex = 0; path = uitrealm.app; sourceTree = BUILT_PRODUCTS_DIR; };
		5B327DCB2511231100E6D5DC /* AppDelegate.swift */ = {isa = PBXFileReference; lastKnownFileType = sourcecode.swift; path = AppDelegate.swift; sourceTree = "<group>"; };
		5B327DCD2511231100E6D5DC /* SceneDelegate.swift */ = {isa = PBXFileReference; lastKnownFileType = sourcecode.swift; path = SceneDelegate.swift; sourceTree = "<group>"; };
		5B327DCF2511231100E6D5DC /* ViewController.swift */ = {isa = PBXFileReference; lastKnownFileType = sourcecode.swift; path = ViewController.swift; sourceTree = "<group>"; };
		5B327DD22511231100E6D5DC /* Base */ = {isa = PBXFileReference; lastKnownFileType = file.storyboard; name = Base; path = Base.lproj/Main.storyboard; sourceTree = "<group>"; };
		5B327DD42511231400E6D5DC /* Assets.xcassets */ = {isa = PBXFileReference; lastKnownFileType = folder.assetcatalog; path = Assets.xcassets; sourceTree = "<group>"; };
		5B327DD72511231400E6D5DC /* Base */ = {isa = PBXFileReference; lastKnownFileType = file.storyboard; name = Base; path = Base.lproj/LaunchScreen.storyboard; sourceTree = "<group>"; };
		5B327DD92511231400E6D5DC /* Info.plist */ = {isa = PBXFileReference; lastKnownFileType = text.plist.xml; path = Info.plist; sourceTree = "<group>"; };
		BDB93FBF3D9DAA619F518489 /* Pods-uitrealm.debug.xcconfig */ = {isa = PBXFileReference; includeInIndex = 1; lastKnownFileType = text.xcconfig; name = "Pods-uitrealm.debug.xcconfig"; path = "Target Support Files/Pods-uitrealm/Pods-uitrealm.debug.xcconfig"; sourceTree = "<group>"; };
/* End PBXFileReference section */

/* Begin PBXFrameworksBuildPhase section */
		5B327DC52511231100E6D5DC /* Frameworks */ = {
			isa = PBXFrameworksBuildPhase;
			buildActionMask = 2147483647;
			files = (
				2E006E44D3BF498BBA3E02AD /* Pods_uitrealm.framework in Frameworks */,
			);
			runOnlyForDeploymentPostprocessing = 0;
		};
/* End PBXFrameworksBuildPhase section */

/* Begin PBXGroup section */
		5B327DBF2511231100E6D5DC = {
			isa = PBXGroup;
			children = (
				5B327DCA2511231100E6D5DC /* uitrealm */,
				5B327DC92511231100E6D5DC /* Products */,
				B5105C7066B1231543F68837 /* Pods */,
				DAC912F72322AB08F6EFFAE4 /* Frameworks */,
			);
			sourceTree = "<group>";
		};
		5B327DC92511231100E6D5DC /* Products */ = {
			isa = PBXGroup;
			children = (
				5B327DC82511231100E6D5DC /* uitrealm.app */,
			);
			name = Products;
			sourceTree = "<group>";
		};
		5B327DCA2511231100E6D5DC /* uitrealm */ = {
			isa = PBXGroup;
			children = (
				5B327DCB2511231100E6D5DC /* AppDelegate.swift */,
				5B327DCD2511231100E6D5DC /* SceneDelegate.swift */,
				5B327DCF2511231100E6D5DC /* ViewController.swift */,
				5B327DD12511231100E6D5DC /* Main.storyboard */,
				5B327DD42511231400E6D5DC /* Assets.xcassets */,
				5B327DD62511231400E6D5DC /* LaunchScreen.storyboard */,
				5B327DD92511231400E6D5DC /* Info.plist */,
			);
			path = uitrealm;
			sourceTree = "<group>";
		};
		B5105C7066B1231543F68837 /* Pods */ = {
			isa = PBXGroup;
			children = (
				BDB93FBF3D9DAA619F518489 /* Pods-uitrealm.debug.xcconfig */,
				016FE2C1417128376124D95D /* Pods-uitrealm.release.xcconfig */,
			);
			name = Pods;
			path = Pods;
			sourceTree = "<group>";
		};
		DAC912F72322AB08F6EFFAE4 /* Frameworks */ = {
			isa = PBXGroup;
			children = (
				158056DD1494EEFB87BC3076 /* Pods_uitrealm.framework */,
			);
			name = Frameworks;
			sourceTree = "<group>";
		};
/* End PBXGroup section */

/* Begin PBXNativeTarget section */
		5B327DC72511231100E6D5DC /* uitrealm */ = {
			isa = PBXNativeTarget;
			buildConfigurationList = 5B327DDC2511231500E6D5DC /* Build configuration list for PBXNativeTarget "uitrealm" */;
			buildPhases = (
				1EDC331AC54E03F1850A67CA /* [CP] Check Pods Manifest.lock */,
				5B327DC42511231100E6D5DC /* Sources */,
				5B327DC52511231100E6D5DC /* Frameworks */,
				5B327DC62511231100E6D5DC /* Resources */,
				5D27A6E9574176425AA762D7 /* [CP] Embed Pods Frameworks */,
			);
			buildRules = (
			);
			dependencies = (
			);
			name = uitrealm;
			productName = uitrealm;
			productReference = 5B327DC82511231100E6D5DC /* uitrealm.app */;
			productType = "com.apple.product-type.application";
		};
/* End PBXNativeTarget section */

/* Begin PBXProject section */
		5B327DC02511231100E6D5DC /* Project object */ = {
			isa = PBXProject;
			attributes = {
				LastSwiftUpdateCheck = 1160;
				LastUpgradeCheck = 1160;
				ORGANIZATIONNAME = "Michael Lynn";
				TargetAttributes = {
					5B327DC72511231100E6D5DC = {
						CreatedOnToolsVersion = 11.6;
					};
				};
			};
			buildConfigurationList = 5B327DC32511231100E6D5DC /* Build configuration list for PBXProject "uitrealm" */;
			compatibilityVersion = "Xcode 9.3";
			developmentRegion = en;
			hasScannedForEncodings = 0;
			knownRegions = (
				en,
				Base,
			);
			mainGroup = 5B327DBF2511231100E6D5DC;
			productRefGroup = 5B327DC92511231100E6D5DC /* Products */;
			projectDirPath = "";
			projectRoot = "";
			targets = (
				5B327DC72511231100E6D5DC /* uitrealm */,
			);
		};
/* End PBXProject section */

/* Begin PBXResourcesBuildPhase section */
		5B327DC62511231100E6D5DC /* Resources */ = {
			isa = PBXResourcesBuildPhase;
			buildActionMask = 2147483647;
			files = (
				5B327DD82511231400E6D5DC /* LaunchScreen.storyboard in Resources */,
				5B327DD52511231400E6D5DC /* Assets.xcassets in Resources */,
				5B327DD32511231100E6D5DC /* Main.storyboard in Resources */,
			);
			runOnlyForDeploymentPostprocessing = 0;
		};
/* End PBXResourcesBuildPhase section */

/* Begin PBXShellScriptBuildPhase section */
		1EDC331AC54E03F1850A67CA /* [CP] Check Pods Manifest.lock */ = {
			isa = PBXShellScriptBuildPhase;
			buildActionMask = 2147483647;
			files = (
			);
			inputFileListPaths = (
			);
			inputPaths = (
				"${PODS_PODFILE_DIR_PATH}/Podfile.lock",
				"${PODS_ROOT}/Manifest.lock",
			);
			name = "[CP] Check Pods Manifest.lock";
			outputFileListPaths = (
			);
			outputPaths = (
				"$(DERIVED_FILE_DIR)/Pods-uitrealm-checkManifestLockResult.txt",
			);
			runOnlyForDeploymentPostprocessing = 0;
			shellPath = /bin/sh;
			shellScript = "diff \"${PODS_PODFILE_DIR_PATH}/Podfile.lock\" \"${PODS_ROOT}/Manifest.lock\" > /dev/null\nif [ $? != 0 ] ; then\n    # print error to STDERR\n    echo \"error: The sandbox is not in sync with the Podfile.lock. Run 'pod install' or update your CocoaPods installation.\" >&2\n    exit 1\nfi\n# This output is used by Xcode 'outputs' to avoid re-running this script phase.\necho \"SUCCESS\" > \"${SCRIPT_OUTPUT_FILE_0}\"\n";
			showEnvVarsInLog = 0;
		};
		5D27A6E9574176425AA762D7 /* [CP] Embed Pods Frameworks */ = {
			isa = PBXShellScriptBuildPhase;
			buildActionMask = 2147483647;
			files = (
			);
			inputFileListPaths = (
				"${PODS_ROOT}/Target Support Files/Pods-uitrealm/Pods-uitrealm-frameworks-${CONFIGURATION}-input-files.xcfilelist",
			);
			name = "[CP] Embed Pods Frameworks";
			outputFileListPaths = (
				"${PODS_ROOT}/Target Support Files/Pods-uitrealm/Pods-uitrealm-frameworks-${CONFIGURATION}-output-files.xcfilelist",
			);
			runOnlyForDeploymentPostprocessing = 0;
			shellPath = /bin/sh;
			shellScript = "\"${PODS_ROOT}/Target Support Files/Pods-uitrealm/Pods-uitrealm-frameworks.sh\"\n";
			showEnvVarsInLog = 0;
		};
/* End PBXShellScriptBuildPhase section */

/* Begin PBXSourcesBuildPhase section */
		5B327DC42511231100E6D5DC /* Sources */ = {
			isa = PBXSourcesBuildPhase;
			buildActionMask = 2147483647;
			files = (
				5B327DD02511231100E6D5DC /* ViewController.swift in Sources */,
				5B327DCC2511231100E6D5DC /* AppDelegate.swift in Sources */,
				5B327DCE2511231100E6D5DC /* SceneDelegate.swift in Sources */,
			);
			runOnlyForDeploymentPostprocessing = 0;
		};
/* End PBXSourcesBuildPhase section */

/* Begin PBXVariantGroup section */
		5B327DD12511231100E6D5DC /* Main.storyboard */ = {
			isa = PBXVariantGroup;
			children = (
				5B327DD22511231100E6D5DC /* Base */,
			);
			name = Main.storyboard;
			sourceTree = "<group>";
		};
		5B327DD62511231400E6D5DC /* LaunchScreen.storyboard */ = {
			isa = PBXVariantGroup;
			children = (
				5B327DD72511231400E6D5DC /* Base */,
			);
			name = LaunchScreen.storyboard;
			sourceTree = "<group>";
		};
/* End PBXVariantGroup section */

/* Begin XCBuildConfiguration section */
		5B327DDA2511231400E6D5DC /* Debug */ = {
			isa = XCBuildConfiguration;
			buildSettings = {
				ALWAYS_SEARCH_USER_PATHS = NO;
				CLANG_ANALYZER_NONNULL = YES;
				CLANG_ANALYZER_NUMBER_OBJECT_CONVERSION = YES_AGGRESSIVE;
				CLANG_CXX_LANGUAGE_STANDARD = "gnu++14";
				CLANG_CXX_LIBRARY = "libc++";
				CLANG_ENABLE_MODULES = YES;
				CLANG_ENABLE_OBJC_ARC = YES;
				CLANG_ENABLE_OBJC_WEAK = YES;
				CLANG_WARN_BLOCK_CAPTURE_AUTORELEASING = YES;
				CLANG_WARN_BOOL_CONVERSION = YES;
				CLANG_WARN_COMMA = YES;
				CLANG_WARN_CONSTANT_CONVERSION = YES;
				CLANG_WARN_DEPRECATED_OBJC_IMPLEMENTATIONS = YES;
				CLANG_WARN_DIRECT_OBJC_ISA_USAGE = YES_ERROR;
				CLANG_WARN_DOCUMENTATION_COMMENTS = YES;
				CLANG_WARN_EMPTY_BODY = YES;
				CLANG_WARN_ENUM_CONVERSION = YES;
				CLANG_WARN_INFINITE_RECURSION = YES;
				CLANG_WARN_INT_CONVERSION = YES;
				CLANG_WARN_NON_LITERAL_NULL_CONVERSION = YES;
				CLANG_WARN_OBJC_IMPLICIT_RETAIN_SELF = YES;
				CLANG_WARN_OBJC_LITERAL_CONVERSION = YES;
				CLANG_WARN_OBJC_ROOT_CLASS = YES_ERROR;
				CLANG_WARN_RANGE_LOOP_ANALYSIS = YES;
				CLANG_WARN_STRICT_PROTOTYPES = YES;
				CLANG_WARN_SUSPICIOUS_MOVE = YES;
				CLANG_WARN_UNGUARDED_AVAILABILITY = YES_AGGRESSIVE;
				CLANG_WARN_UNREACHABLE_CODE = YES;
				CLANG_WARN__DUPLICATE_METHOD_MATCH = YES;
				COPY_PHASE_STRIP = NO;
				DEBUG_INFORMATION_FORMAT = dwarf;
				ENABLE_STRICT_OBJC_MSGSEND = YES;
				ENABLE_TESTABILITY = YES;
				GCC_C_LANGUAGE_STANDARD = gnu11;
				GCC_DYNAMIC_NO_PIC = NO;
				GCC_NO_COMMON_BLOCKS = YES;
				GCC_OPTIMIZATION_LEVEL = 0;
				GCC_PREPROCESSOR_DEFINITIONS = (
					"DEBUG=1",
					"$(inherited)",
				);
				GCC_WARN_64_TO_32_BIT_CONVERSION = YES;
				GCC_WARN_ABOUT_RETURN_TYPE = YES_ERROR;
				GCC_WARN_UNDECLARED_SELECTOR = YES;
				GCC_WARN_UNINITIALIZED_AUTOS = YES_AGGRESSIVE;
				GCC_WARN_UNUSED_FUNCTION = YES;
				GCC_WARN_UNUSED_VARIABLE = YES;
				IPHONEOS_DEPLOYMENT_TARGET = 13.6;
				MTL_ENABLE_DEBUG_INFO = INCLUDE_SOURCE;
				MTL_FAST_MATH = YES;
				ONLY_ACTIVE_ARCH = YES;
				SDKROOT = iphoneos;
				SWIFT_ACTIVE_COMPILATION_CONDITIONS = DEBUG;
				SWIFT_OPTIMIZATION_LEVEL = "-Onone";
			};
			name = Debug;
		};
		5B327DDB2511231500E6D5DC /* Release */ = {
			isa = XCBuildConfiguration;
			buildSettings = {
				ALWAYS_SEARCH_USER_PATHS = NO;
				CLANG_ANALYZER_NONNULL = YES;
				CLANG_ANALYZER_NUMBER_OBJECT_CONVERSION = YES_AGGRESSIVE;
				CLANG_CXX_LANGUAGE_STANDARD = "gnu++14";
				CLANG_CXX_LIBRARY = "libc++";
				CLANG_ENABLE_MODULES = YES;
				CLANG_ENABLE_OBJC_ARC = YES;
				CLANG_ENABLE_OBJC_WEAK = YES;
				CLANG_WARN_BLOCK_CAPTURE_AUTORELEASING = YES;
				CLANG_WARN_BOOL_CONVERSION = YES;
				CLANG_WARN_COMMA = YES;
				CLANG_WARN_CONSTANT_CONVERSION = YES;
				CLANG_WARN_DEPRECATED_OBJC_IMPLEMENTATIONS = YES;
				CLANG_WARN_DIRECT_OBJC_ISA_USAGE = YES_ERROR;
				CLANG_WARN_DOCUMENTATION_COMMENTS = YES;
				CLANG_WARN_EMPTY_BODY = YES;
				CLANG_WARN_ENUM_CONVERSION = YES;
				CLANG_WARN_INFINITE_RECURSION = YES;
				CLANG_WARN_INT_CONVERSION = YES;
				CLANG_WARN_NON_LITERAL_NULL_CONVERSION = YES;
				CLANG_WARN_OBJC_IMPLICIT_RETAIN_SELF = YES;
				CLANG_WARN_OBJC_LITERAL_CONVERSION = YES;
				CLANG_WARN_OBJC_ROOT_CLASS = YES_ERROR;
				CLANG_WARN_RANGE_LOOP_ANALYSIS = YES;
				CLANG_WARN_STRICT_PROTOTYPES = YES;
				CLANG_WARN_SUSPICIOUS_MOVE = YES;
				CLANG_WARN_UNGUARDED_AVAILABILITY = YES_AGGRESSIVE;
				CLANG_WARN_UNREACHABLE_CODE = YES;
				CLANG_WARN__DUPLICATE_METHOD_MATCH = YES;
				COPY_PHASE_STRIP = NO;
				DEBUG_INFORMATION_FORMAT = "dwarf-with-dsym";
				ENABLE_NS_ASSERTIONS = NO;
				ENABLE_STRICT_OBJC_MSGSEND = YES;
				GCC_C_LANGUAGE_STANDARD = gnu11;
				GCC_NO_COMMON_BLOCKS = YES;
				GCC_WARN_64_TO_32_BIT_CONVERSION = YES;
				GCC_WARN_ABOUT_RETURN_TYPE = YES_ERROR;
				GCC_WARN_UNDECLARED_SELECTOR = YES;
				GCC_WARN_UNINITIALIZED_AUTOS = YES_AGGRESSIVE;
				GCC_WARN_UNUSED_FUNCTION = YES;
				GCC_WARN_UNUSED_VARIABLE = YES;
				IPHONEOS_DEPLOYMENT_TARGET = 13.6;
				MTL_ENABLE_DEBUG_INFO = NO;
				MTL_FAST_MATH = YES;
				SDKROOT = iphoneos;
				SWIFT_COMPILATION_MODE = wholemodule;
				SWIFT_OPTIMIZATION_LEVEL = "-O";
				VALIDATE_PRODUCT = YES;
			};
			name = Release;
		};
		5B327DDD2511231500E6D5DC /* Debug */ = {
			isa = XCBuildConfiguration;
			baseConfigurationReference = BDB93FBF3D9DAA619F518489 /* Pods-uitrealm.debug.xcconfig */;
			buildSettings = {
				ASSETCATALOG_COMPILER_APPICON_NAME = AppIcon;
				CODE_SIGN_STYLE = Automatic;
				DEVELOPMENT_TEAM = YZ36Z8GSEN;
				INFOPLIST_FILE = uitrealm/Info.plist;
				LD_RUNPATH_SEARCH_PATHS = (
					"$(inherited)",
					"@executable_path/Frameworks",
				);
				PRODUCT_BUNDLE_IDENTIFIER = org.mlynn.uitrealm;
				PRODUCT_NAME = "$(TARGET_NAME)";
				SWIFT_VERSION = 5.0;
				TARGETED_DEVICE_FAMILY = "1,2";
			};
			name = Debug;
		};
		5B327DDE2511231500E6D5DC /* Release */ = {
			isa = XCBuildConfiguration;
			baseConfigurationReference = 016FE2C1417128376124D95D /* Pods-uitrealm.release.xcconfig */;
			buildSettings = {
				ASSETCATALOG_COMPILER_APPICON_NAME = AppIcon;
				CODE_SIGN_STYLE = Automatic;
				DEVELOPMENT_TEAM = YZ36Z8GSEN;
				INFOPLIST_FILE = uitrealm/Info.plist;
				LD_RUNPATH_SEARCH_PATHS = (
					"$(inherited)",
					"@executable_path/Frameworks",
				);
				PRODUCT_BUNDLE_IDENTIFIER = org.mlynn.uitrealm;
				PRODUCT_NAME = "$(TARGET_NAME)";
				SWIFT_VERSION = 5.0;
				TARGETED_DEVICE_FAMILY = "1,2";
			};
			name = Release;
		};
/* End XCBuildConfiguration section */

/* Begin XCConfigurationList section */
		5B327DC32511231100E6D5DC /* Build configuration list for PBXProject "uitrealm" */ = {
			isa = XCConfigurationList;
			buildConfigurations = (
				5B327DDA2511231400E6D5DC /* Debug */,
				5B327DDB2511231500E6D5DC /* Release */,
			);
			defaultConfigurationIsVisible = 0;
			defaultConfigurationName = Release;
		};
		5B327DDC2511231500E6D5DC /* Build configuration list for PBXNativeTarget "uitrealm" */ = {
			isa = XCConfigurationList;
			buildConfigurations = (
				5B327DDD2511231500E6D5DC /* Debug */,
				5B327DDE2511231500E6D5DC /* Release */,
			);
			defaultConfigurationIsVisible = 0;
			defaultConfigurationName = Release;
		};
/* End XCConfigurationList section */
	};
	rootObject = 5B327DC02511231100E6D5DC /* Project object */;
}
